
Microsoft Visual Studio Solution File, Format Version 12.00
# Visual Studio 14
VisualStudioVersion = 14.0.24720.0
MinimumVisualStudioVersion = 10.0.40219.1
Project("{8BC9CEB8-8B4A-11D0-8D11-00A0C91BC942}") = "array", "array\array.vcxproj", "{EEDC7D91-7CB5-4A39-AA10-B7E658DD6F30}"
EndProject
Project("{8BC9CEB8-8B4A-11D0-8D11-00A0C91BC942}") = "string", "string\string.vcxproj", "{5E1D84D9-C762-4B1F-A1F0-E81F2BD97E18}"
EndProject
Project("{8BC9CEB8-8B4A-11D0-8D11-00A0C91BC942}") = "DP", "DP\DP.vcxproj", "{225BEF98-2EA3-4068-936D-19547D53F6F3}"
EndProject
Project("{8BC9CEB8-8B4A-11D0-8D11-00A0C91BC942}") = "math", "math\math.vcxproj", "{6A14469D-0659-4EED-8FC9-07FEEF0851B5}"
EndProject
Project("{8BC9CEB8-8B4A-11D0-8D11-00A0C91BC942}") = "tree", "tree\tree.vcxproj", "{2A00EDDC-0375-4464-80AD-FBBA5AA5E783}"
EndProject
Project("{8BC9CEB8-8B4A-11D0-8D11-00A0C91BC942}") = "HashTable", "HashTable\HashTable.vcxproj", "{2871E72C-2ABA-48CE-8131-31A60A7636B8}"
EndProject
Global
	GlobalSection(SolutionConfigurationPlatforms) = preSolution
		Debug|x64 = Debug|x64
		Debug|x86 = Debug|x86
		Release|x64 = Release|x64
		Release|x86 = Release|x86
	EndGlobalSection
	GlobalSection(ProjectConfigurationPlatforms) = postSolution
		{EEDC7D91-7CB5-4A39-AA10-B7E658DD6F30}.Debug|x64.ActiveCfg = Debug|x64
		{EEDC7D91-7CB5-4A39-AA10-B7E658DD6F30}.Debug|x64.Build.0 = Debug|x64
		{EEDC7D91-7CB5-4A39-AA10-B7E658DD6F30}.Debug|x86.ActiveCfg = Debug|Win32
		{EEDC7D91-7CB5-4A39-AA10-B7E658DD6F30}.Debug|x86.Build.0 = Debug|Win32
		{EEDC7D91-7CB5-4A39-AA10-B7E658DD6F30}.Release|x64.ActiveCfg = Release|x64
		{EEDC7D91-7CB5-4A39-AA10-B7E658DD6F30}.Release|x64.Build.0 = Release|x64
		{EEDC7D91-7CB5-4A39-AA10-B7E658DD6F30}.Release|x86.ActiveCfg = Release|Win32
		{EEDC7D91-7CB5-4A39-AA10-B7E658DD6F30}.Release|x86.Build.0 = Release|Win32
		{5E1D84D9-C762-4B1F-A1F0-E81F2BD97E18}.Debug|x64.ActiveCfg = Debug|x64
		{5E1D84D9-C762-4B1F-A1F0-E81F2BD97E18}.Debug|x64.Build.0 = Debug|x64
		{5E1D84D9-C762-4B1F-A1F0-E81F2BD97E18}.Debug|x86.ActiveCfg = Debug|Win32
		{5E1D84D9-C762-4B1F-A1F0-E81F2BD97E18}.Debug|x86.Build.0 = Debug|Win32
		{5E1D84D9-C762-4B1F-A1F0-E81F2BD97E18}.Release|x64.ActiveCfg = Release|x64
		{5E1D84D9-C762-4B1F-A1F0-E81F2BD97E18}.Release|x64.Build.0 = Release|x64
		{5E1D84D9-C762-4B1F-A1F0-E81F2BD97E18}.Release|x86.ActiveCfg = Release|Win32
		{5E1D84D9-C762-4B1F-A1F0-E81F2BD97E18}.Release|x86.Build.0 = Release|Win32
		{225BEF98-2EA3-4068-936D-19547D53F6F3}.Debug|x64.ActiveCfg = Debug|x64
		{225BEF98-2EA3-4068-936D-19547D53F6F3}.Debug|x64.Build.0 = Debug|x64
		{225BEF98-2EA3-4068-936D-19547D53F6F3}.Debug|x86.ActiveCfg = Debug|Win32
		{225BEF98-2EA3-4068-936D-19547D53F6F3}.Debug|x86.Build.0 = Debug|Win32
		{225BEF98-2EA3-4068-936D-19547D53F6F3}.Release|x64.ActiveCfg = Release|x64
		{225BEF98-2EA3-4068-936D-19547D53F6F3}.Release|x64.Build.0 = Release|x64
		{225BEF98-2EA3-4068-936D-19547D53F6F3}.Release|x86.ActiveCfg = Release|Win32
		{225BEF98-2EA3-4068-936D-19547D53F6F3}.Release|x86.Build.0 = Release|Win32
		{6A14469D-0659-4EED-8FC9-07FEEF0851B5}.Debug|x64.ActiveCfg = Debug|x64
		{6A14469D-0659-4EED-8FC9-07FEEF0851B5}.Debug|x64.Build.0 = Debug|x64
		{6A14469D-0659-4EED-8FC9-07FEEF0851B5}.Debug|x86.ActiveCfg = Debug|Win32
		{6A14469D-0659-4EED-8FC9-07FEEF0851B5}.Debug|x86.Build.0 = Debug|Win32
		{6A14469D-0659-4EED-8FC9-07FEEF0851B5}.Release|x64.ActiveCfg = Release|x64
		{6A14469D-0659-4EED-8FC9-07FEEF0851B5}.Release|x64.Build.0 = Release|x64
		{6A14469D-0659-4EED-8FC9-07FEEF0851B5}.Release|x86.ActiveCfg = Release|Win32
		{6A14469D-0659-4EED-8FC9-07FEEF0851B5}.Release|x86.Build.0 = Release|Win32
		{2A00EDDC-0375-4464-80AD-FBBA5AA5E783}.Debug|x64.ActiveCfg = Debug|x64
		{2A00EDDC-0375-4464-80AD-FBBA5AA5E783}.Debug|x64.Build.0 = Debug|x64
		{2A00EDDC-0375-4464-80AD-FBBA5AA5E783}.Debug|x86.ActiveCfg = Debug|Win32
		{2A00EDDC-0375-4464-80AD-FBBA5AA5E783}.Debug|x86.Build.0 = Debug|Win32
		{2A00EDDC-0375-4464-80AD-FBBA5AA5E783}.Release|x64.ActiveCfg = Release|x64
		{2A00EDDC-0375-4464-80AD-FBBA5AA5E783}.Release|x64.Build.0 = Release|x64
		{2A00EDDC-0375-4464-80AD-FBBA5AA5E783}.Release|x86.ActiveCfg = Release|Win32
		{2A00EDDC-0375-4464-80AD-FBBA5AA5E783}.Release|x86.Build.0 = Release|Win32
		{2871E72C-2ABA-48CE-8131-31A60A7636B8}.Debug|x64.ActiveCfg = Debug|x64
		{2871E72C-2ABA-48CE-8131-31A60A7636B8}.Debug|x64.Build.0 = Debug|x64
		{2871E72C-2ABA-48CE-8131-31A60A7636B8}.Debug|x86.ActiveCfg = Debug|Win32
		{2871E72C-2ABA-48CE-8131-31A60A7636B8}.Debug|x86.Build.0 = Debug|Win32
		{2871E72C-2ABA-48CE-8131-31A60A7636B8}.Release|x64.ActiveCfg = Release|x64
		{2871E72C-2ABA-48CE-8131-31A60A7636B8}.Release|x64.Build.0 = Release|x64
		{2871E72C-2ABA-48CE-8131-31A60A7636B8}.Release|x86.ActiveCfg = Release|Win32
		{2871E72C-2ABA-48CE-8131-31A60A7636B8}.Release|x86.Build.0 = Release|Win32
	EndGlobalSection
	GlobalSection(SolutionProperties) = preSolution
		HideSolutionNode = FALSE
	EndGlobalSection
EndGlobal
